{
  "version": 4,
  "terraform_version": "1.9.5",
  "serial": 6,
  "lineage": "c9fc2e2c-acf3-e01d-7a7a-8963ad6f0a95",
  "outputs": {},
  "resources": [
    {
      "mode": "data",
      "type": "digitalocean_ssh_key",
      "name": "terraform",
      "provider": "provider[\"registry.terraform.io/digitalocean/digitalocean\"]",
      "instances": [
        {
          "schema_version": 0,
          "attributes": {
            "fingerprint": "fb:46:5e:6b:37:b1:da:bd:b9:e8:33:54:cc:67:d9:dd",
            "id": 49390974,
            "name": "terraform",
            "public_key": "ssh-rsa AAAAB3NzaC1yc2EAAAADAQABAAABAQDBh4xv3qsH9vup5I7hM0p3u+4uEbW3XFPPh2csxjBKhv0IwU/U6qF7CivKt+0/XuPNsOyWMQGVz+VWdS0vuOpjQM2rCbfJANnkXjtLS6xRN2SYc7Gew1aJH9st+G6K9KLI66Ni20C83jp7MTK6u87sDpaiXb6SWhxXdKnUtOBAeU7AS0NK7l02MNq8lGuKmRszrOw75+ZTH9PiP29+vvVjyiRFP2T+Mw8Y9JSfUXOoBJQJ8buo4S2mQ2EcRWtjMamTgvpPl6KcAANYm3sZ4YCnp8QUlksJEtfY2LGgtOA2tSNgro11HOPcV3Z2H+vmTYlZSgoEDebKJkLWsyEuQXNn contact.khatiwada@gmail.com"
          },
          "sensitive_attributes": []
        }
      ]
    },
    {
      "mode": "managed",
      "type": "digitalocean_droplet",
      "name": "www-1",
      "provider": "provider[\"registry.terraform.io/digitalocean/digitalocean\"]",
      "instances": [
        {
          "status": "tainted",
          "schema_version": 1,
          "attributes": {
            "backup_policy": [],
            "backups": false,
            "created_at": "2025-07-19T17:17:08Z",
            "disk": 25,
            "droplet_agent": null,
            "graceful_shutdown": false,
            "id": "508895751",
            "image": "ubuntu-20-04-x64",
            "ipv4_address": "159.89.176.56",
            "ipv4_address_private": "10.108.0.2",
            "ipv6": false,
            "ipv6_address": "",
            "locked": false,
            "memory": 1024,
            "monitoring": false,
            "name": "www-1",
            "price_hourly": 0.00893,
            "price_monthly": 6,
            "private_networking": true,
            "region": "nyc3",
            "resize_disk": true,
            "size": "s-1vcpu-1gb",
            "ssh_keys": [
              "49390974"
            ],
            "status": "active",
            "tags": null,
            "timeouts": null,
            "urn": "do:droplet:508895751",
            "user_data": null,
            "vcpus": 1,
            "volume_ids": [],
            "vpc_uuid": "b10c5770-716e-4a84-ac16-f4ec3ea701cb"
          },
          "sensitive_attributes": [],
          "private": "eyJlMmJmYjczMC1lY2FhLTExZTYtOGY4OC0zNDM2M2JjN2M0YzAiOnsiY3JlYXRlIjozNjAwMDAwMDAwMDAwLCJkZWxldGUiOjYwMDAwMDAwMDAwLCJ1cGRhdGUiOjM2MDAwMDAwMDAwMDB9LCJzY2hlbWFfdmVyc2lvbiI6IjEifQ==",
          "dependencies": [
            "data.digitalocean_ssh_key.terraform"
          ]
        }
      ]
    }
  ],
  "check_results": null
}
