{
  "version": 4,
  "terraform_version": "1.9.5",
  "serial": 14,
  "lineage": "c9fc2e2c-acf3-e01d-7a7a-8963ad6f0a95",
  "outputs": {
    "ssh_connection_command": {
      "value": "ssh root@134.209.147.205",
      "type": "string"
    },
    "worker_node_ip": {
      "value": "134.209.147.205",
      "type": "string"
    },
    "worker_node_private_ip": {
      "value": "10.122.0.3",
      "type": "string"
    },
    "worker_node_status": {
      "value": "active",
      "type": "string"
    }
  },
  "resources": [
    {
      "mode": "data",
      "type": "digitalocean_ssh_key",
      "name": "terraform",
      "provider": "provider[\"registry.terraform.io/digitalocean/digitalocean\"]",
      "instances": [
        {
          "schema_version": 0,
          "attributes": {
            "fingerprint": "fb:46:5e:6b:37:b1:da:bd:b9:e8:33:54:cc:67:d9:dd",
            "id": 49390974,
            "name": "terraform",
            "public_key": "ssh-rsa AAAAB3NzaC1yc2EAAAADAQABAAABAQDBh4xv3qsH9vup5I7hM0p3u+4uEbW3XFPPh2csxjBKhv0IwU/U6qF7CivKt+0/XuPNsOyWMQGVz+VWdS0vuOpjQM2rCbfJANnkXjtLS6xRN2SYc7Gew1aJH9st+G6K9KLI66Ni20C83jp7MTK6u87sDpaiXb6SWhxXdKnUtOBAeU7AS0NK7l02MNq8lGuKmRszrOw75+ZTH9PiP29+vvVjyiRFP2T+Mw8Y9JSfUXOoBJQJ8buo4S2mQ2EcRWtjMamTgvpPl6KcAANYm3sZ4YCnp8QUlksJEtfY2LGgtOA2tSNgro11HOPcV3Z2H+vmTYlZSgoEDebKJkLWsyEuQXNn contact.khatiwada@gmail.com"
          },
          "sensitive_attributes": []
        }
      ]
    },
    {
      "mode": "managed",
      "type": "digitalocean_droplet",
      "name": "www-1",
      "provider": "provider[\"registry.terraform.io/digitalocean/digitalocean\"]",
      "instances": [
        {
          "schema_version": 1,
          "attributes": {
            "backup_policy": [],
            "backups": false,
            "created_at": "2025-07-22T14:49:42Z",
            "disk": 80,
            "droplet_agent": null,
            "graceful_shutdown": false,
            "id": "509371270",
            "image": "ubuntu-20-04-x64",
            "ipv4_address": "134.209.147.205",
            "ipv4_address_private": "10.122.0.3",
            "ipv6": false,
            "ipv6_address": "",
            "locked": false,
            "memory": 4096,
            "monitoring": false,
            "name": "www-worker",
            "price_hourly": 0.03571,
            "price_monthly": 24,
            "private_networking": true,
            "region": "blr1",
            "resize_disk": true,
            "size": "s-2vcpu-4gb",
            "ssh_keys": [
              "49390974"
            ],
            "status": "active",
            "tags": null,
            "timeouts": null,
            "urn": "do:droplet:509371270",
            "user_data": null,
            "vcpus": 2,
            "volume_ids": [],
            "vpc_uuid": "41a5d7a4-a3e8-4c1a-b88d-f4ce75e91b8e"
          },
          "sensitive_attributes": [],
          "private": "eyJlMmJmYjczMC1lY2FhLTExZTYtOGY4OC0zNDM2M2JjN2M0YzAiOnsiY3JlYXRlIjozNjAwMDAwMDAwMDAwLCJkZWxldGUiOjYwMDAwMDAwMDAwLCJ1cGRhdGUiOjM2MDAwMDAwMDAwMDB9LCJzY2hlbWFfdmVyc2lvbiI6IjEifQ==",
          "dependencies": [
            "data.digitalocean_ssh_key.terraform"
          ]
        }
      ]
    }
  ],
  "check_results": null
}
